// !$*UTF8*$!
{
	archiveVersion = 1;
	classes = {
	};
	objectVersion = 56;
	objects = {

/* Begin PBXBuildFile section */
		740C22AC2AFCDA2000B2E30A /* TestJsonApp.swift in Sources */ = {isa = PBXBuildFile; fileRef = 740C22AB2AFCDA2000B2E30A /* TestJsonApp.swift */; };
		740C22AE2AFCDA2000B2E30A /* ContentView.swift in Sources */ = {isa = PBXBuildFile; fileRef = 740C22AD2AFCDA2000B2E30A /* ContentView.swift */; };
		740C22B02AFCDA2500B2E30A /* Assets.xcassets in Resources */ = {isa = PBXBuildFile; fileRef = 740C22AF2AFCDA2500B2E30A /* Assets.xcassets */; };
		740C22B32AFCDA2500B2E30A /* Preview Assets.xcassets in Resources */ = {isa = PBXBuildFile; fileRef = 740C22B22AFCDA2500B2E30A /* Preview Assets.xcassets */; };
		740C22BA2AFCDB0800B2E30A /* example.json in Resources */ = {isa = PBXBuildFile; fileRef = 740C22B92AFCDB0700B2E30A /* example.json */; };
		740C22BC2AFCDB9E00B2E30A /* JSONManager.swift in Sources */ = {isa = PBXBuildFile; fileRef = 740C22BB2AFCDB9E00B2E30A /* JSONManager.swift */; };
		740C22C02AFCEADC00B2E30A /* DetailView.swift in Sources */ = {isa = PBXBuildFile; fileRef = 740C22BF2AFCEADC00B2E30A /* DetailView.swift */; };
/* End PBXBuildFile section */

/* Begin PBXFileReference section */
		740C22A82AFCDA2000B2E30A /* TestJson.app */ = {isa = PBXFileReference; explicitFileType = wrapper.application; includeInIndex = 0; path = TestJson.app; sourceTree = BUILT_PRODUCTS_DIR; };
		740C22AB2AFCDA2000B2E30A /* TestJsonApp.swift */ = {isa = PBXFileReference; lastKnownFileType = sourcecode.swift; path = TestJsonApp.swift; sourceTree = "<group>"; };
		740C22AD2AFCDA2000B2E30A /* ContentView.swift */ = {isa = PBXFileReference; lastKnownFileType = sourcecode.swift; path = ContentView.swift; sourceTree = "<group>"; };
		740C22AF2AFCDA2500B2E30A /* Assets.xcassets */ = {isa = PBXFileReference; lastKnownFileType = folder.assetcatalog; path = Assets.xcassets; sourceTree = "<group>"; };
		740C22B22AFCDA2500B2E30A /* Preview Assets.xcassets */ = {isa = PBXFileReference; lastKnownFileType = folder.assetcatalog; path = "Preview Assets.xcassets"; sourceTree = "<group>"; };
		740C22B92AFCDB0700B2E30A /* example.json */ = {isa = PBXFileReference; fileEncoding = 4; lastKnownFileType = text.json; path = example.json; sourceTree = "<group>"; };
		740C22BB2AFCDB9E00B2E30A /* JSONManager.swift */ = {isa = PBXFileReference; lastKnownFileType = sourcecode.swift; path = JSONManager.swift; sourceTree = "<group>"; };
		740C22BF2AFCEADC00B2E30A /* DetailView.swift */ = {isa = PBXFileReference; lastKnownFileType = sourcecode.swift; path = DetailView.swift; sourceTree = "<group>"; };
/* End PBXFileReference section */

/* Begin PBXFrameworksBuildPhase section */
		740C22A52AFCDA2000B2E30A /* Frameworks */ = {
			isa = PBXFrameworksBuildPhase;
			buildActionMask = 2147483647;
			files = (
			);
			runOnlyForDeploymentPostprocessing = 0;
		};
/* End PBXFrameworksBuildPhase section */

/* Begin PBXGroup section */
		740C229F2AFCDA2000B2E30A = {
			isa = PBXGroup;
			children = (
				740C22AA2AFCDA2000B2E30A /* TestJson */,
				740C22A92AFCDA2000B2E30A /* Products */,
			);
			sourceTree = "<group>";
		};
		740C22A92AFCDA2000B2E30A /* Products */ = {
			isa = PBXGroup;
			children = (
				740C22A82AFCDA2000B2E30A /* TestJson.app */,
			);
			name = Products;
			sourceTree = "<group>";
		};
		740C22AA2AFCDA2000B2E30A /* TestJson */ = {
			isa = PBXGroup;
			children = (
				740C22AB2AFCDA2000B2E30A /* TestJsonApp.swift */,
				740C22AD2AFCDA2000B2E30A /* ContentView.swift */,
				740C22B92AFCDB0700B2E30A /* example.json */,
				740C22AF2AFCDA2500B2E30A /* Assets.xcassets */,
				740C22B12AFCDA2500B2E30A /* Preview Content */,
				740C22BB2AFCDB9E00B2E30A /* JSONManager.swift */,
				740C22BF2AFCEADC00B2E30A /* DetailView.swift */,
			);
			path = TestJson;
			sourceTree = "<group>";
		};
		740C22B12AFCDA2500B2E30A /* Preview Content */ = {
			isa = PBXGroup;
			children = (
				740C22B22AFCDA2500B2E30A /* Preview Assets.xcassets */,
			);
			path = "Preview Content";
			sourceTree = "<group>";
		};
/* End PBXGroup section */

/* Begin PBXNativeTarget section */
		740C22A72AFCDA2000B2E30A /* TestJson */ = {
			isa = PBXNativeTarget;
			buildConfigurationList = 740C22B62AFCDA2500B2E30A /* Build configuration list for PBXNativeTarget "TestJson" */;
			buildPhases = (
				740C22A42AFCDA2000B2E30A /* Sources */,
				740C22A52AFCDA2000B2E30A /* Frameworks */,
				740C22A62AFCDA2000B2E30A /* Resources */,
			);
			buildRules = (
			);
			dependencies = (
			);
			name = TestJson;
			productName = TestJson;
			productReference = 740C22A82AFCDA2000B2E30A /* TestJson.app */;
			productType = "com.apple.product-type.application";
		};
/* End PBXNativeTarget section */

/* Begin PBXProject section */
		740C22A02AFCDA2000B2E30A /* Project object */ = {
			isa = PBXProject;
			attributes = {
				BuildIndependentTargetsInParallel = 1;
				LastSwiftUpdateCheck = 1420;
				LastUpgradeCheck = 1420;
				TargetAttributes = {
					740C22A72AFCDA2000B2E30A = {
						CreatedOnToolsVersion = 14.2;
					};
				};
			};
			buildConfigurationList = 740C22A32AFCDA2000B2E30A /* Build configuration list for PBXProject "TestJson" */;
			compatibilityVersion = "Xcode 14.0";
			developmentRegion = en;
			hasScannedForEncodings = 0;
			knownRegions = (
				en,
				Base,
			);
			mainGroup = 740C229F2AFCDA2000B2E30A;
			productRefGroup = 740C22A92AFCDA2000B2E30A /* Products */;
			projectDirPath = "";
			projectRoot = "";
			targets = (
				740C22A72AFCDA2000B2E30A /* TestJson */,
			);
		};
/* End PBXProject section */

/* Begin PBXResourcesBuildPhase section */
		740C22A62AFCDA2000B2E30A /* Resources */ = {
			isa = PBXResourcesBuildPhase;
			buildActionMask = 2147483647;
			files = (
				740C22B32AFCDA2500B2E30A /* Preview Assets.xcassets in Resources */,
				740C22B02AFCDA2500B2E30A /* Assets.xcassets in Resources */,
				740C22BA2AFCDB0800B2E30A /* example.json in Resources */,
			);
			runOnlyForDeploymentPostprocessing = 0;
		};
/* End PBXResourcesBuildPhase section */

/* Begin PBXSourcesBuildPhase section */
		740C22A42AFCDA2000B2E30A /* Sources */ = {
			isa = PBXSourcesBuildPhase;
			buildActionMask = 2147483647;
			files = (
				740C22AE2AFCDA2000B2E30A /* ContentView.swift in Sources */,
				740C22C02AFCEADC00B2E30A /* DetailView.swift in Sources */,
				740C22BC2AFCDB9E00B2E30A /* JSONManager.swift in Sources */,
				740C22AC2AFCDA2000B2E30A /* TestJsonApp.swift in Sources */,
			);
			runOnlyForDeploymentPostprocessing = 0;
		};
/* End PBXSourcesBuildPhase section */

/* Begin XCBuildConfiguration section */
		740C22B42AFCDA2500B2E30A /* Debug */ = {
			isa = XCBuildConfiguration;
			buildSettings = {
				ALWAYS_SEARCH_USER_PATHS = NO;
				CLANG_ANALYZER_NONNULL = YES;
				CLANG_ANALYZER_NUMBER_OBJECT_CONVERSION = YES_AGGRESSIVE;
				CLANG_CXX_LANGUAGE_STANDARD = "gnu++20";
				CLANG_ENABLE_MODULES = YES;
				CLANG_ENABLE_OBJC_ARC = YES;
				CLANG_ENABLE_OBJC_WEAK = YES;
				CLANG_WARN_BLOCK_CAPTURE_AUTORELEASING = YES;
				CLANG_WARN_BOOL_CONVERSION = YES;
				CLANG_WARN_COMMA = YES;
				CLANG_WARN_CONSTANT_CONVERSION = YES;
				CLANG_WARN_DEPRECATED_OBJC_IMPLEMENTATIONS = YES;
				CLANG_WARN_DIRECT_OBJC_ISA_USAGE = YES_ERROR;
				CLANG_WARN_DOCUMENTATION_COMMENTS = YES;
				CLANG_WARN_EMPTY_BODY = YES;
				CLANG_WARN_ENUM_CONVERSION = YES;
				CLANG_WARN_INFINITE_RECURSION = YES;
				CLANG_WARN_INT_CONVERSION = YES;
				CLANG_WARN_NON_LITERAL_NULL_CONVERSION = YES;
				CLANG_WARN_OBJC_IMPLICIT_RETAIN_SELF = YES;
				CLANG_WARN_OBJC_LITERAL_CONVERSION = YES;
				CLANG_WARN_OBJC_ROOT_CLASS = YES_ERROR;
				CLANG_WARN_QUOTED_INCLUDE_IN_FRAMEWORK_HEADER = YES;
				CLANG_WARN_RANGE_LOOP_ANALYSIS = YES;
				CLANG_WARN_STRICT_PROTOTYPES = YES;
				CLANG_WARN_SUSPICIOUS_MOVE = YES;
				CLANG_WARN_UNGUARDED_AVAILABILITY = YES_AGGRESSIVE;
				CLANG_WARN_UNREACHABLE_CODE = YES;
				CLANG_WARN__DUPLICATE_METHOD_MATCH = YES;
				COPY_PHASE_STRIP = NO;
				DEBUG_INFORMATION_FORMAT = dwarf;
				ENABLE_STRICT_OBJC_MSGSEND = YES;
				ENABLE_TESTABILITY = YES;
				GCC_C_LANGUAGE_STANDARD = gnu11;
				GCC_DYNAMIC_NO_PIC = NO;
				GCC_NO_COMMON_BLOCKS = YES;
				GCC_OPTIMIZATION_LEVEL = 0;
				GCC_PREPROCESSOR_DEFINITIONS = (
					"DEBUG=1",
					"$(inherited)",
				);
				GCC_WARN_64_TO_32_BIT_CONVERSION = YES;
				GCC_WARN_ABOUT_RETURN_TYPE = YES_ERROR;
				GCC_WARN_UNDECLARED_SELECTOR = YES;
				GCC_WARN_UNINITIALIZED_AUTOS = YES_AGGRESSIVE;
				GCC_WARN_UNUSED_FUNCTION = YES;
				GCC_WARN_UNUSED_VARIABLE = YES;
				IPHONEOS_DEPLOYMENT_TARGET = 16.2;
				MTL_ENABLE_DEBUG_INFO = INCLUDE_SOURCE;
				MTL_FAST_MATH = YES;
				ONLY_ACTIVE_ARCH = YES;
				SDKROOT = iphoneos;
				SWIFT_ACTIVE_COMPILATION_CONDITIONS = DEBUG;
				SWIFT_OPTIMIZATION_LEVEL = "-Onone";
			};
			name = Debug;
		};
		740C22B52AFCDA2500B2E30A /* Release */ = {
			isa = XCBuildConfiguration;
			buildSettings = {
				ALWAYS_SEARCH_USER_PATHS = NO;
				CLANG_ANALYZER_NONNULL = YES;
				CLANG_ANALYZER_NUMBER_OBJECT_CONVERSION = YES_AGGRESSIVE;
				CLANG_CXX_LANGUAGE_STANDARD = "gnu++20";
				CLANG_ENABLE_MODULES = YES;
				CLANG_ENABLE_OBJC_ARC = YES;
				CLANG_ENABLE_OBJC_WEAK = YES;
				CLANG_WARN_BLOCK_CAPTURE_AUTORELEASING = YES;
				CLANG_WARN_BOOL_CONVERSION = YES;
				CLANG_WARN_COMMA = YES;
				CLANG_WARN_CONSTANT_CONVERSION = YES;
				CLANG_WARN_DEPRECATED_OBJC_IMPLEMENTATIONS = YES;
				CLANG_WARN_DIRECT_OBJC_ISA_USAGE = YES_ERROR;
				CLANG_WARN_DOCUMENTATION_COMMENTS = YES;
				CLANG_WARN_EMPTY_BODY = YES;
				CLANG_WARN_ENUM_CONVERSION = YES;
				CLANG_WARN_INFINITE_RECURSION = YES;
				CLANG_WARN_INT_CONVERSION = YES;
				CLANG_WARN_NON_LITERAL_NULL_CONVERSION = YES;
				CLANG_WARN_OBJC_IMPLICIT_RETAIN_SELF = YES;
				CLANG_WARN_OBJC_LITERAL_CONVERSION = YES;
				CLANG_WARN_OBJC_ROOT_CLASS = YES_ERROR;
				CLANG_WARN_QUOTED_INCLUDE_IN_FRAMEWORK_HEADER = YES;
				CLANG_WARN_RANGE_LOOP_ANALYSIS = YES;
				CLANG_WARN_STRICT_PROTOTYPES = YES;
				CLANG_WARN_SUSPICIOUS_MOVE = YES;
				CLANG_WARN_UNGUARDED_AVAILABILITY = YES_AGGRESSIVE;
				CLANG_WARN_UNREACHABLE_CODE = YES;
				CLANG_WARN__DUPLICATE_METHOD_MATCH = YES;
				COPY_PHASE_STRIP = NO;
				DEBUG_INFORMATION_FORMAT = "dwarf-with-dsym";
				ENABLE_NS_ASSERTIONS = NO;
				ENABLE_STRICT_OBJC_MSGSEND = YES;
				GCC_C_LANGUAGE_STANDARD = gnu11;
				GCC_NO_COMMON_BLOCKS = YES;
				GCC_WARN_64_TO_32_BIT_CONVERSION = YES;
				GCC_WARN_ABOUT_RETURN_TYPE = YES_ERROR;
				GCC_WARN_UNDECLARED_SELECTOR = YES;
				GCC_WARN_UNINITIALIZED_AUTOS = YES_AGGRESSIVE;
				GCC_WARN_UNUSED_FUNCTION = YES;
				GCC_WARN_UNUSED_VARIABLE = YES;
				IPHONEOS_DEPLOYMENT_TARGET = 16.2;
				MTL_ENABLE_DEBUG_INFO = NO;
				MTL_FAST_MATH = YES;
				SDKROOT = iphoneos;
				SWIFT_COMPILATION_MODE = wholemodule;
				SWIFT_OPTIMIZATION_LEVEL = "-O";
				VALIDATE_PRODUCT = YES;
			};
			name = Release;
		};
		740C22B72AFCDA2500B2E30A /* Debug */ = {
			isa = XCBuildConfiguration;
			buildSettings = {
				ASSETCATALOG_COMPILER_APPICON_NAME = AppIcon;
				ASSETCATALOG_COMPILER_GLOBAL_ACCENT_COLOR_NAME = AccentColor;
				CODE_SIGN_STYLE = Automatic;
				CURRENT_PROJECT_VERSION = 1;
				DEVELOPMENT_ASSET_PATHS = "\"TestJson/Preview Content\"";
				DEVELOPMENT_TEAM = UNNHDW848F;
				ENABLE_PREVIEWS = YES;
				GENERATE_INFOPLIST_FILE = YES;
				INFOPLIST_KEY_UIApplicationSceneManifest_Generation = YES;
				INFOPLIST_KEY_UIApplicationSupportsIndirectInputEvents = YES;
				INFOPLIST_KEY_UILaunchScreen_Generation = YES;
				INFOPLIST_KEY_UISupportedInterfaceOrientations_iPad = "UIInterfaceOrientationPortrait UIInterfaceOrientationPortraitUpsideDown UIInterfaceOrientationLandscapeLeft UIInterfaceOrientationLandscapeRight";
				INFOPLIST_KEY_UISupportedInterfaceOrientations_iPhone = "UIInterfaceOrientationPortrait UIInterfaceOrientationLandscapeLeft UIInterfaceOrientationLandscapeRight";
				LD_RUNPATH_SEARCH_PATHS = (
					"$(inherited)",
					"@executable_path/Frameworks",
				);
				MARKETING_VERSION = 1.0;
				PRODUCT_BUNDLE_IDENTIFIER = lesson1.TestJson;
				PRODUCT_NAME = "$(TARGET_NAME)";
				SWIFT_EMIT_LOC_STRINGS = YES;
				SWIFT_VERSION = 5.0;
				TARGETED_DEVICE_FAMILY = "1,2";
			};
			name = Debug;
		};
		740C22B82AFCDA2500B2E30A /* Release */ = {
			isa = XCBuildConfiguration;
			buildSettings = {
				ASSETCATALOG_COMPILER_APPICON_NAME = AppIcon;
				ASSETCATALOG_COMPILER_GLOBAL_ACCENT_COLOR_NAME = AccentColor;
				CODE_SIGN_STYLE = Automatic;
				CURRENT_PROJECT_VERSION = 1;
				DEVELOPMENT_ASSET_PATHS = "\"TestJson/Preview Content\"";
				DEVELOPMENT_TEAM = UNNHDW848F;
				ENABLE_PREVIEWS = YES;
				GENERATE_INFOPLIST_FILE = YES;
				INFOPLIST_KEY_UIApplicationSceneManifest_Generation = YES;
				INFOPLIST_KEY_UIApplicationSupportsIndirectInputEvents = YES;
				INFOPLIST_KEY_UILaunchScreen_Generation = YES;
				INFOPLIST_KEY_UISupportedInterfaceOrientations_iPad = "UIInterfaceOrientationPortrait UIInterfaceOrientationPortraitUpsideDown UIInterfaceOrientationLandscapeLeft UIInterfaceOrientationLandscapeRight";
				INFOPLIST_KEY_UISupportedInterfaceOrientations_iPhone = "UIInterfaceOrientationPortrait UIInterfaceOrientationLandscapeLeft UIInterfaceOrientationLandscapeRight";
				LD_RUNPATH_SEARCH_PATHS = (
					"$(inherited)",
					"@executable_path/Frameworks",
				);
				MARKETING_VERSION = 1.0;
				PRODUCT_BUNDLE_IDENTIFIER = lesson1.TestJson;
				PRODUCT_NAME = "$(TARGET_NAME)";
				SWIFT_EMIT_LOC_STRINGS = YES;
				SWIFT_VERSION = 5.0;
				TARGETED_DEVICE_FAMILY = "1,2";
			};
			name = Release;
		};
/* End XCBuildConfiguration section */

/* Begin XCConfigurationList section */
		740C22A32AFCDA2000B2E30A /* Build configuration list for PBXProject "TestJson" */ = {
			isa = XCConfigurationList;
			buildConfigurations = (
				740C22B42AFCDA2500B2E30A /* Debug */,
				740C22B52AFCDA2500B2E30A /* Release */,
			);
			defaultConfigurationIsVisible = 0;
			defaultConfigurationName = Release;
		};
		740C22B62AFCDA2500B2E30A /* Build configuration list for PBXNativeTarget "TestJson" */ = {
			isa = XCConfigurationList;
			buildConfigurations = (
				740C22B72AFCDA2500B2E30A /* Debug */,
				740C22B82AFCDA2500B2E30A /* Release */,
			);
			defaultConfigurationIsVisible = 0;
			defaultConfigurationName = Release;
		};
/* End XCConfigurationList section */
	};
	rootObject = 740C22A02AFCDA2000B2E30A /* Project object */;
}
